
Microsoft Visual Studio Solution File, Format Version 12.00
# Visual Studio Version 17
VisualStudioVersion = 17.10.35013.160
MinimumVisualStudioVersion = 10.0.40219.1
Project("{FAE04EC0-301F-11D3-BF4B-00C04F79EFBC}") = "TeamTactics.Api", "src\TeamTactics.Api\TeamTactics.Api.csproj", "{F8BD31C6-EBAF-865D-7C7F-20E817F4A994}"
EndProject
Project("{FAE04EC0-301F-11D3-BF4B-00C04F79EFBC}") = "TeamTactics.Application", "src\TeamTactics.Application\TeamTactics.Application.csproj", "{B680D226-770B-28C2-5974-7063E5E5C190}"
EndProject
Project("{FAE04EC0-301F-11D3-BF4B-00C04F79EFBC}") = "TeamTactics.Domain", "src\TeamTactics.Domain\TeamTactics.Domain.csproj", "{53A29C0A-FA05-71C3-F49E-3CA4CD0F09B3}"
EndProject
Project("{FAE04EC0-301F-11D3-BF4B-00C04F79EFBC}") = "TeamTactics.Infrastructure", "src\TeamTactics.Infrastructure\TeamTactics.Infrastructure.csproj", "{8B30D942-8652-2C90-1672-B79A2443BD09}"
EndProject
Project("{2150E333-8FDC-42A3-9474-1A3956D46DE8}") = "src", "src", "{02EA681E-C7D8-13C7-8484-4AC65E1B71E8}"
EndProject
Project("{2150E333-8FDC-42A3-9474-1A3956D46DE8}") = "tests", "tests", "{651D9187-8CB0-45F5-8233-DFBC822FC4CC}"
EndProject
Project("{FAE04EC0-301F-11D3-BF4B-00C04F79EFBC}") = "TeamTactics.Application.UnitTests", "tests\TeamTactics.Application.UnitTests\TeamTactics.Application.UnitTests.csproj", "{866E51D5-2657-404E-A58D-3EAC90C74CC6}"
EndProject
Project("{FAE04EC0-301F-11D3-BF4B-00C04F79EFBC}") = "TeamTactics.Infrastructure.IntegrationTests", "tests\TeamTactics.Infrastructure.IntegrationTests\TeamTactics.Infrastructure.IntegrationTests.csproj", "{09D328F8-A831-47BD-856B-0A0AAC452C93}"
EndProject
Project("{2150E333-8FDC-42A3-9474-1A3956D46DE8}") = "tools", "tools", "{F3871AB6-8734-4ABD-ACE8-A36C5A119174}"
EndProject
Project("{FAE04EC0-301F-11D3-BF4B-00C04F79EFBC}") = "DbMigrator", "tools\DbMigrator\DbMigrator.csproj", "{7BD2ED1D-7AED-42A7-9B22-6960B726C01F}"
EndProject
Project("{FAE04EC0-301F-11D3-BF4B-00C04F79EFBC}") = "TeamTactics.Fixtures", "tests\TeamTactics.Fixtures\TeamTactics.Fixtures.csproj", "{98BF4A8E-A883-4639-AC32-5A982217464C}"
EndProject
Project("{FAE04EC0-301F-11D3-BF4B-00C04F79EFBC}") = "TeamTactics.Fixtures", "tests\TeamTactics.Fixtures\TeamTactics.Fixtures.csproj", "{6DCDA7BB-37C8-442E-9431-8746274371B5}"
EndProject
Global
	GlobalSection(SolutionConfigurationPlatforms) = preSolution
		Debug|Any CPU = Debug|Any CPU
		Release|Any CPU = Release|Any CPU
	EndGlobalSection
	GlobalSection(ProjectConfigurationPlatforms) = postSolution
		{F8BD31C6-EBAF-865D-7C7F-20E817F4A994}.Debug|Any CPU.ActiveCfg = Debug|Any CPU
		{F8BD31C6-EBAF-865D-7C7F-20E817F4A994}.Debug|Any CPU.Build.0 = Debug|Any CPU
		{F8BD31C6-EBAF-865D-7C7F-20E817F4A994}.Release|Any CPU.ActiveCfg = Release|Any CPU
		{F8BD31C6-EBAF-865D-7C7F-20E817F4A994}.Release|Any CPU.Build.0 = Release|Any CPU
		{B680D226-770B-28C2-5974-7063E5E5C190}.Debug|Any CPU.ActiveCfg = Debug|Any CPU
		{B680D226-770B-28C2-5974-7063E5E5C190}.Debug|Any CPU.Build.0 = Debug|Any CPU
		{B680D226-770B-28C2-5974-7063E5E5C190}.Release|Any CPU.ActiveCfg = Release|Any CPU
		{B680D226-770B-28C2-5974-7063E5E5C190}.Release|Any CPU.Build.0 = Release|Any CPU
		{53A29C0A-FA05-71C3-F49E-3CA4CD0F09B3}.Debug|Any CPU.ActiveCfg = Debug|Any CPU
		{53A29C0A-FA05-71C3-F49E-3CA4CD0F09B3}.Debug|Any CPU.Build.0 = Debug|Any CPU
		{53A29C0A-FA05-71C3-F49E-3CA4CD0F09B3}.Release|Any CPU.ActiveCfg = Release|Any CPU
		{53A29C0A-FA05-71C3-F49E-3CA4CD0F09B3}.Release|Any CPU.Build.0 = Release|Any CPU
		{8B30D942-8652-2C90-1672-B79A2443BD09}.Debug|Any CPU.ActiveCfg = Debug|Any CPU
		{8B30D942-8652-2C90-1672-B79A2443BD09}.Debug|Any CPU.Build.0 = Debug|Any CPU
		{8B30D942-8652-2C90-1672-B79A2443BD09}.Release|Any CPU.ActiveCfg = Release|Any CPU
		{8B30D942-8652-2C90-1672-B79A2443BD09}.Release|Any CPU.Build.0 = Release|Any CPU
		{866E51D5-2657-404E-A58D-3EAC90C74CC6}.Debug|Any CPU.ActiveCfg = Debug|Any CPU
		{866E51D5-2657-404E-A58D-3EAC90C74CC6}.Debug|Any CPU.Build.0 = Debug|Any CPU
		{866E51D5-2657-404E-A58D-3EAC90C74CC6}.Release|Any CPU.ActiveCfg = Release|Any CPU
		{866E51D5-2657-404E-A58D-3EAC90C74CC6}.Release|Any CPU.Build.0 = Release|Any CPU
		{09D328F8-A831-47BD-856B-0A0AAC452C93}.Debug|Any CPU.ActiveCfg = Debug|Any CPU
		{09D328F8-A831-47BD-856B-0A0AAC452C93}.Debug|Any CPU.Build.0 = Debug|Any CPU
		{09D328F8-A831-47BD-856B-0A0AAC452C93}.Release|Any CPU.ActiveCfg = Release|Any CPU
		{09D328F8-A831-47BD-856B-0A0AAC452C93}.Release|Any CPU.Build.0 = Release|Any CPU
		{98BF4A8E-A883-4639-AC32-5A982217464C}.Debug|Any CPU.ActiveCfg = Debug|Any CPU
		{98BF4A8E-A883-4639-AC32-5A982217464C}.Debug|Any CPU.Build.0 = Debug|Any CPU
		{98BF4A8E-A883-4639-AC32-5A982217464C}.Release|Any CPU.ActiveCfg = Release|Any CPU
		{98BF4A8E-A883-4639-AC32-5A982217464C}.Release|Any CPU.Build.0 = Release|Any CPU
	EndGlobalSection
	GlobalSection(SolutionProperties) = preSolution
		HideSolutionNode = FALSE
	EndGlobalSection
	GlobalSection(NestedProjects) = preSolution
		{F8BD31C6-EBAF-865D-7C7F-20E817F4A994} = {02EA681E-C7D8-13C7-8484-4AC65E1B71E8}
		{B680D226-770B-28C2-5974-7063E5E5C190} = {02EA681E-C7D8-13C7-8484-4AC65E1B71E8}
		{53A29C0A-FA05-71C3-F49E-3CA4CD0F09B3} = {02EA681E-C7D8-13C7-8484-4AC65E1B71E8}
		{8B30D942-8652-2C90-1672-B79A2443BD09} = {02EA681E-C7D8-13C7-8484-4AC65E1B71E8}
		{866E51D5-2657-404E-A58D-3EAC90C74CC6} = {651D9187-8CB0-45F5-8233-DFBC822FC4CC}
		{09D328F8-A831-47BD-856B-0A0AAC452C93} = {651D9187-8CB0-45F5-8233-DFBC822FC4CC}
		{98BF4A8E-A883-4639-AC32-5A982217464C} = {651D9187-8CB0-45F5-8233-DFBC822FC4CC}
	EndGlobalSection
	GlobalSection(ExtensibilityGlobals) = postSolution
		SolutionGuid = {39391A7A-343C-40CB-906E-41E454D33FFC}
	EndGlobalSection
EndGlobal
